
Microsoft Visual Studio Solution File, Format Version 12.00
Project("{FAE04EC0-301F-11D3-BF4B-00C04F79EFBC}") = "PitochokPlague", "PitochokPlague.csproj", "{6F577452-4CC7-4090-A640-0FD21A64C764}"
EndProject
Project("{2150E333-8FDC-42A3-9474-1A3956D46DE8}") = "Solution Items", "Solution Items", "{951F849E-B4D4-4902-B86E-F40A06311E47}"
	ProjectSection(SolutionItems) = preProject
		docker-compose.yml = docker-compose.yml
	EndProjectSection
EndProject
Global
	GlobalSection(SolutionConfigurationPlatforms) = preSolution
		Debug|Any CPU = Debug|Any CPU
		Release|Any CPU = Release|Any CPU
	EndGlobalSection
	GlobalSection(ProjectConfigurationPlatforms) = postSolution
		{6F577452-4CC7-4090-A640-0FD21A64C764}.Debug|Any CPU.ActiveCfg = Debug|Any CPU
		{6F577452-4CC7-4090-A640-0FD21A64C764}.Debug|Any CPU.Build.0 = Debug|Any CPU
		{6F577452-4CC7-4090-A640-0FD21A64C764}.Release|Any CPU.ActiveCfg = Release|Any CPU
		{6F577452-4CC7-4090-A640-0FD21A64C764}.Release|Any CPU.Build.0 = Release|Any CPU
	EndGlobalSection
EndGlobal
